
Microsoft Visual Studio Solution File, Format Version 12.00
# Visual Studio Version 17
VisualStudioVersion = 17.13.35818.85
MinimumVisualStudioVersion = 10.0.40219.1
Project("{FAE04EC0-301F-11D3-BF4B-00C04F79EFBC}") = "ZeroKnowledgeSecureChat.Client", "ZeroKnowledgeSecureChat.Client\ZeroKnowledgeSecureChat.Client.csproj", "{BAB07C23-9FD0-CBF2-BFB3-B7BEAC2BFA9A}"
EndProject
Project("{FAE04EC0-301F-11D3-BF4B-00C04F79EFBC}") = "ZeroKnowledgeSecureChat.Api", "ZeroKnowledgeSecureChat.Api\ZeroKnowledgeSecureChat.Api.csproj", "{CECBDED4-1C92-44A8-843F-BC996A0F3BEB}"
EndProject
Project("{FAE04EC0-301F-11D3-BF4B-00C04F79EFBC}") = "ZeroKnowledgeSecureChat.Api.Tests", "ZeroKnowledgeSecureChat.Api.Tests\ZeroKnowledgeSecureChat.Api.Tests.csproj", "{5F046B52-DA3C-488B-839C-73AA87ED5384}"
EndProject
Project("{FAE04EC0-301F-11D3-BF4B-00C04F79EFBC}") = "ZeroKnowledgeSecureChat.Server", "ZeroKnowledgeSecureChat.Server\ZeroKnowledgeSecureChat.Server.csproj", "{4C42D027-8B59-4BED-A37C-D1017B15E7AA}"
EndProject
Global
	GlobalSection(SolutionConfigurationPlatforms) = preSolution
		Debug|Any CPU = Debug|Any CPU
		Release|Any CPU = Release|Any CPU
	EndGlobalSection
	GlobalSection(ProjectConfigurationPlatforms) = postSolution
		{BAB07C23-9FD0-CBF2-BFB3-B7BEAC2BFA9A}.Debug|Any CPU.ActiveCfg = Debug|Any CPU
		{BAB07C23-9FD0-CBF2-BFB3-B7BEAC2BFA9A}.Debug|Any CPU.Build.0 = Debug|Any CPU
		{BAB07C23-9FD0-CBF2-BFB3-B7BEAC2BFA9A}.Debug|Any CPU.Deploy.0 = Debug|Any CPU
		{BAB07C23-9FD0-CBF2-BFB3-B7BEAC2BFA9A}.Release|Any CPU.ActiveCfg = Release|Any CPU
		{BAB07C23-9FD0-CBF2-BFB3-B7BEAC2BFA9A}.Release|Any CPU.Build.0 = Release|Any CPU
		{BAB07C23-9FD0-CBF2-BFB3-B7BEAC2BFA9A}.Release|Any CPU.Deploy.0 = Release|Any CPU
		{CECBDED4-1C92-44A8-843F-BC996A0F3BEB}.Debug|Any CPU.ActiveCfg = Debug|Any CPU
		{CECBDED4-1C92-44A8-843F-BC996A0F3BEB}.Debug|Any CPU.Build.0 = Debug|Any CPU
		{CECBDED4-1C92-44A8-843F-BC996A0F3BEB}.Release|Any CPU.ActiveCfg = Release|Any CPU
		{CECBDED4-1C92-44A8-843F-BC996A0F3BEB}.Release|Any CPU.Build.0 = Release|Any CPU
		{5F046B52-DA3C-488B-839C-73AA87ED5384}.Debug|Any CPU.ActiveCfg = Debug|Any CPU
		{5F046B52-DA3C-488B-839C-73AA87ED5384}.Debug|Any CPU.Build.0 = Debug|Any CPU
		{5F046B52-DA3C-488B-839C-73AA87ED5384}.Release|Any CPU.ActiveCfg = Release|Any CPU
		{5F046B52-DA3C-488B-839C-73AA87ED5384}.Release|Any CPU.Build.0 = Release|Any CPU
		{4C42D027-8B59-4BED-A37C-D1017B15E7AA}.Debug|Any CPU.ActiveCfg = Debug|Any CPU
		{4C42D027-8B59-4BED-A37C-D1017B15E7AA}.Debug|Any CPU.Build.0 = Debug|Any CPU
		{4C42D027-8B59-4BED-A37C-D1017B15E7AA}.Release|Any CPU.ActiveCfg = Release|Any CPU
		{4C42D027-8B59-4BED-A37C-D1017B15E7AA}.Release|Any CPU.Build.0 = Release|Any CPU
	EndGlobalSection
	GlobalSection(SolutionProperties) = preSolution
		HideSolutionNode = FALSE
	EndGlobalSection
	GlobalSection(ExtensibilityGlobals) = postSolution
		SolutionGuid = {6DD98BD0-5147-4515-92CD-3C199EC9A6E1}
	EndGlobalSection
EndGlobal
