
Microsoft Visual Studio Solution File, Format Version 12.00
# Visual Studio Version 17
VisualStudioVersion = 17.0.31903.59
MinimumVisualStudioVersion = 10.0.40219.1
Project("{FAE04EC0-301F-11D3-BF4B-00C04F79EFBC}") = "ZeroKnowledgeSecureChat.Api", "ZeroKnowledgeSecureChat.Api\ZeroKnowledgeSecureChat.Api.csproj", "{BA03CC45-BDAA-4675-80FA-042F59DAA2EB}"
EndProject
Project("{FAE04EC0-301F-11D3-BF4B-00C04F79EFBC}") = "ZeroKnowledgeSecureChat.Api.Tests", "ZeroKnowledgeSecureChat.Api.Tests\ZeroKnowledgeSecureChat.Api.Tests.csproj", "{B938F789-30D4-4509-A7C0-8528331ACCE4}"
EndProject
Project("{FAE04EC0-301F-11D3-BF4B-00C04F79EFBC}") = "ZeroKnowledgeSecureChat.Server", "ZeroKnowledgeSecureChat.Server\ZeroKnowledgeSecureChat.Server.csproj", "{0209243D-37DF-471B-80CB-8D1ECA8715E3}"
EndProject
Project("{FAE04EC0-301F-11D3-BF4B-00C04F79EFBC}") = "ZeroKnowledgeSecureChat.Client", "ZeroKnowledgeSecureChat.Client\ZeroKnowledgeSecureChat.Client.csproj", "{78D1B4F2-5F35-4F56-98AF-3FB33B031A5C}"
EndProject
Global
	GlobalSection(SolutionConfigurationPlatforms) = preSolution
		Debug|Any CPU = Debug|Any CPU
		Debug|x64 = Debug|x64
		Debug|x86 = Debug|x86
		Release|Any CPU = Release|Any CPU
		Release|x64 = Release|x64
		Release|x86 = Release|x86
	EndGlobalSection
	GlobalSection(ProjectConfigurationPlatforms) = postSolution
		{BA03CC45-BDAA-4675-80FA-042F59DAA2EB}.Debug|Any CPU.ActiveCfg = Debug|Any CPU
		{BA03CC45-BDAA-4675-80FA-042F59DAA2EB}.Debug|Any CPU.Build.0 = Debug|Any CPU
		{BA03CC45-BDAA-4675-80FA-042F59DAA2EB}.Debug|x64.ActiveCfg = Debug|Any CPU
		{BA03CC45-BDAA-4675-80FA-042F59DAA2EB}.Debug|x64.Build.0 = Debug|Any CPU
		{BA03CC45-BDAA-4675-80FA-042F59DAA2EB}.Debug|x86.ActiveCfg = Debug|Any CPU
		{BA03CC45-BDAA-4675-80FA-042F59DAA2EB}.Debug|x86.Build.0 = Debug|Any CPU
		{BA03CC45-BDAA-4675-80FA-042F59DAA2EB}.Release|Any CPU.ActiveCfg = Release|Any CPU
		{BA03CC45-BDAA-4675-80FA-042F59DAA2EB}.Release|Any CPU.Build.0 = Release|Any CPU
		{BA03CC45-BDAA-4675-80FA-042F59DAA2EB}.Release|x64.ActiveCfg = Release|Any CPU
		{BA03CC45-BDAA-4675-80FA-042F59DAA2EB}.Release|x64.Build.0 = Release|Any CPU
		{BA03CC45-BDAA-4675-80FA-042F59DAA2EB}.Release|x86.ActiveCfg = Release|Any CPU
		{BA03CC45-BDAA-4675-80FA-042F59DAA2EB}.Release|x86.Build.0 = Release|Any CPU
		{B938F789-30D4-4509-A7C0-8528331ACCE4}.Debug|Any CPU.ActiveCfg = Debug|Any CPU
		{B938F789-30D4-4509-A7C0-8528331ACCE4}.Debug|Any CPU.Build.0 = Debug|Any CPU
		{B938F789-30D4-4509-A7C0-8528331ACCE4}.Debug|x64.ActiveCfg = Debug|Any CPU
		{B938F789-30D4-4509-A7C0-8528331ACCE4}.Debug|x64.Build.0 = Debug|Any CPU
		{B938F789-30D4-4509-A7C0-8528331ACCE4}.Debug|x86.ActiveCfg = Debug|Any CPU
		{B938F789-30D4-4509-A7C0-8528331ACCE4}.Debug|x86.Build.0 = Debug|Any CPU
		{B938F789-30D4-4509-A7C0-8528331ACCE4}.Release|Any CPU.ActiveCfg = Release|Any CPU
		{B938F789-30D4-4509-A7C0-8528331ACCE4}.Release|Any CPU.Build.0 = Release|Any CPU
		{B938F789-30D4-4509-A7C0-8528331ACCE4}.Release|x64.ActiveCfg = Release|Any CPU
		{B938F789-30D4-4509-A7C0-8528331ACCE4}.Release|x64.Build.0 = Release|Any CPU
		{B938F789-30D4-4509-A7C0-8528331ACCE4}.Release|x86.ActiveCfg = Release|Any CPU
		{B938F789-30D4-4509-A7C0-8528331ACCE4}.Release|x86.Build.0 = Release|Any CPU
		{0209243D-37DF-471B-80CB-8D1ECA8715E3}.Debug|Any CPU.ActiveCfg = Debug|Any CPU
		{0209243D-37DF-471B-80CB-8D1ECA8715E3}.Debug|Any CPU.Build.0 = Debug|Any CPU
		{0209243D-37DF-471B-80CB-8D1ECA8715E3}.Debug|x64.ActiveCfg = Debug|Any CPU
		{0209243D-37DF-471B-80CB-8D1ECA8715E3}.Debug|x64.Build.0 = Debug|Any CPU
		{0209243D-37DF-471B-80CB-8D1ECA8715E3}.Debug|x86.ActiveCfg = Debug|Any CPU
		{0209243D-37DF-471B-80CB-8D1ECA8715E3}.Debug|x86.Build.0 = Debug|Any CPU
		{0209243D-37DF-471B-80CB-8D1ECA8715E3}.Release|Any CPU.ActiveCfg = Release|Any CPU
		{0209243D-37DF-471B-80CB-8D1ECA8715E3}.Release|Any CPU.Build.0 = Release|Any CPU
		{0209243D-37DF-471B-80CB-8D1ECA8715E3}.Release|x64.ActiveCfg = Release|Any CPU
		{0209243D-37DF-471B-80CB-8D1ECA8715E3}.Release|x64.Build.0 = Release|Any CPU
		{0209243D-37DF-471B-80CB-8D1ECA8715E3}.Release|x86.ActiveCfg = Release|Any CPU
		{0209243D-37DF-471B-80CB-8D1ECA8715E3}.Release|x86.Build.0 = Release|Any CPU
		{78D1B4F2-5F35-4F56-98AF-3FB33B031A5C}.Debug|Any CPU.ActiveCfg = Debug|Any CPU
		{78D1B4F2-5F35-4F56-98AF-3FB33B031A5C}.Debug|Any CPU.Build.0 = Debug|Any CPU
		{78D1B4F2-5F35-4F56-98AF-3FB33B031A5C}.Debug|Any CPU.Deploy.0 = Debug|Any CPU
		{78D1B4F2-5F35-4F56-98AF-3FB33B031A5C}.Debug|x64.ActiveCfg = Debug|Any CPU
		{78D1B4F2-5F35-4F56-98AF-3FB33B031A5C}.Debug|x64.Build.0 = Debug|Any CPU
		{78D1B4F2-5F35-4F56-98AF-3FB33B031A5C}.Debug|x86.ActiveCfg = Debug|Any CPU
		{78D1B4F2-5F35-4F56-98AF-3FB33B031A5C}.Debug|x86.Build.0 = Debug|Any CPU
		{78D1B4F2-5F35-4F56-98AF-3FB33B031A5C}.Release|Any CPU.ActiveCfg = Release|Any CPU
		{78D1B4F2-5F35-4F56-98AF-3FB33B031A5C}.Release|Any CPU.Build.0 = Release|Any CPU
		{78D1B4F2-5F35-4F56-98AF-3FB33B031A5C}.Release|x64.ActiveCfg = Release|Any CPU
		{78D1B4F2-5F35-4F56-98AF-3FB33B031A5C}.Release|x64.Build.0 = Release|Any CPU
		{78D1B4F2-5F35-4F56-98AF-3FB33B031A5C}.Release|x86.ActiveCfg = Release|Any CPU
		{78D1B4F2-5F35-4F56-98AF-3FB33B031A5C}.Release|x86.Build.0 = Release|Any CPU
	EndGlobalSection
	GlobalSection(SolutionProperties) = preSolution
		HideSolutionNode = FALSE
	EndGlobalSection
EndGlobal
